
Microsoft Visual Studio Solution File, Format Version 12.00
# Visual Studio Version 16
VisualStudioVersion = 16.0.31019.35
MinimumVisualStudioVersion = 10.0.40219.1
Project("{FAE04EC0-301F-11D3-BF4B-00C04F79EFBC}") = "Lab10", "Lab10\Lab10.csproj", "{6AD0C4C6-3369-46AA-9F57-DCA98397FC24}"
EndProject
Global
	GlobalSection(SolutionConfigurationPlatforms) = preSolution
		Debug|Any CPU = Debug|Any CPU
		Release|Any CPU = Release|Any CPU
	EndGlobalSection
	GlobalSection(ProjectConfigurationPlatforms) = postSolution
		{6AD0C4C6-3369-46AA-9F57-DCA98397FC24}.Debug|Any CPU.ActiveCfg = Debug|Any CPU
		{6AD0C4C6-3369-46AA-9F57-DCA98397FC24}.Debug|Any CPU.Build.0 = Debug|Any CPU
		{6AD0C4C6-3369-46AA-9F57-DCA98397FC24}.Release|Any CPU.ActiveCfg = Release|Any CPU
		{6AD0C4C6-3369-46AA-9F57-DCA98397FC24}.Release|Any CPU.Build.0 = Release|Any CPU
	EndGlobalSection
	GlobalSection(SolutionProperties) = preSolution
		HideSolutionNode = FALSE
	EndGlobalSection
	GlobalSection(ExtensibilityGlobals) = postSolution
		SolutionGuid = {80F0D012-9D46-4CB9-ACB5-976390E3374E}
	EndGlobalSection
EndGlobal
